
Microsoft Visual Studio Solution File, Format Version 12.00
# Visual Studio Version 17
VisualStudioVersion = 17.14.36616.10 d17.14
MinimumVisualStudioVersion = 10.0.40219.1
Project("{FAE04EC0-301F-11D3-BF4B-00C04F79EFBC}") = "ModernArchiveThumbnail", "ModernArchiveThumbnail.csproj", "{9F0209DB-B7FA-1BA1-8F96-62AA25BD1D18}"
EndProject
Global
	GlobalSection(SolutionConfigurationPlatforms) = preSolution
		Debug|Any CPU = Debug|Any CPU
		Debug|x64 = Debug|x64
		Release|Any CPU = Release|Any CPU
		Release|x64 = Release|x64
	EndGlobalSection
	GlobalSection(ProjectConfigurationPlatforms) = postSolution
		{9F0209DB-B7FA-1BA1-8F96-62AA25BD1D18}.Debug|Any CPU.ActiveCfg = Debug|Any CPU
		{9F0209DB-B7FA-1BA1-8F96-62AA25BD1D18}.Debug|Any CPU.Build.0 = Debug|Any CPU
		{9F0209DB-B7FA-1BA1-8F96-62AA25BD1D18}.Debug|x64.ActiveCfg = Debug|x64
		{9F0209DB-B7FA-1BA1-8F96-62AA25BD1D18}.Debug|x64.Build.0 = Debug|x64
		{9F0209DB-B7FA-1BA1-8F96-62AA25BD1D18}.Release|Any CPU.ActiveCfg = Release|Any CPU
		{9F0209DB-B7FA-1BA1-8F96-62AA25BD1D18}.Release|Any CPU.Build.0 = Release|Any CPU
		{9F0209DB-B7FA-1BA1-8F96-62AA25BD1D18}.Release|x64.ActiveCfg = Release|x64
		{9F0209DB-B7FA-1BA1-8F96-62AA25BD1D18}.Release|x64.Build.0 = Release|x64
	EndGlobalSection
	GlobalSection(SolutionProperties) = preSolution
		HideSolutionNode = FALSE
	EndGlobalSection
	GlobalSection(ExtensibilityGlobals) = postSolution
		SolutionGuid = {A8CE3A40-B891-403A-BF5A-559AC2D6F18F}
	EndGlobalSection
EndGlobal
